
Microsoft Visual Studio Solution File, Format Version 12.00
# Visual Studio 15
VisualStudioVersion = 15.0.28010.2041
MinimumVisualStudioVersion = 10.0.40219.1
Project("{FAE04EC0-301F-11D3-BF4B-00C04F79EFBC}") = "backend2", "backend2\backend2.csproj", "{C4C9E783-2853-4A97-A6CA-EA97F2A525B5}"
EndProject
Project("{FAE04EC0-301F-11D3-BF4B-00C04F79EFBC}") = "web_client", "web_client\web_client.csproj", "{FDE710E3-E40E-4885-BEDB-4BA266BE8AE5}"
EndProject
Project("{FAE04EC0-301F-11D3-BF4B-00C04F79EFBC}") = "ClassLibrary1", "ClassLibrary1\ClassLibrary1.csproj", "{DD65291C-39AB-4C60-9239-D5E6C1014C92}"
EndProject
Global
	GlobalSection(SolutionConfigurationPlatforms) = preSolution
		Debug|Any CPU = Debug|Any CPU
		Release|Any CPU = Release|Any CPU
	EndGlobalSection
	GlobalSection(ProjectConfigurationPlatforms) = postSolution
		{C4C9E783-2853-4A97-A6CA-EA97F2A525B5}.Debug|Any CPU.ActiveCfg = Debug|Any CPU
		{C4C9E783-2853-4A97-A6CA-EA97F2A525B5}.Debug|Any CPU.Build.0 = Debug|Any CPU
		{C4C9E783-2853-4A97-A6CA-EA97F2A525B5}.Release|Any CPU.ActiveCfg = Release|Any CPU
		{C4C9E783-2853-4A97-A6CA-EA97F2A525B5}.Release|Any CPU.Build.0 = Release|Any CPU
		{FDE710E3-E40E-4885-BEDB-4BA266BE8AE5}.Debug|Any CPU.ActiveCfg = Debug|Any CPU
		{FDE710E3-E40E-4885-BEDB-4BA266BE8AE5}.Debug|Any CPU.Build.0 = Debug|Any CPU
		{FDE710E3-E40E-4885-BEDB-4BA266BE8AE5}.Release|Any CPU.ActiveCfg = Release|Any CPU
		{FDE710E3-E40E-4885-BEDB-4BA266BE8AE5}.Release|Any CPU.Build.0 = Release|Any CPU
		{DD65291C-39AB-4C60-9239-D5E6C1014C92}.Debug|Any CPU.ActiveCfg = Debug|Any CPU
		{DD65291C-39AB-4C60-9239-D5E6C1014C92}.Debug|Any CPU.Build.0 = Debug|Any CPU
		{DD65291C-39AB-4C60-9239-D5E6C1014C92}.Release|Any CPU.ActiveCfg = Release|Any CPU
		{DD65291C-39AB-4C60-9239-D5E6C1014C92}.Release|Any CPU.Build.0 = Release|Any CPU
	EndGlobalSection
	GlobalSection(SolutionProperties) = preSolution
		HideSolutionNode = FALSE
	EndGlobalSection
	GlobalSection(ExtensibilityGlobals) = postSolution
		SolutionGuid = {57D44249-6783-4346-81E4-CCDE876131E4}
	EndGlobalSection
EndGlobal
